
Microsoft Visual Studio Solution File, Format Version 12.00
Project("{FAE04EC0-301F-11D3-BF4B-00C04F79EFBC}") = "GridMDBuilder", "GridMDBuilder\GridMDBuilder.csproj", "{A03482BD-F3C6-4570-9206-3793760E2203}"
EndProject
Global
	GlobalSection(SolutionConfigurationPlatforms) = preSolution
		Debug|Any CPU = Debug|Any CPU
		Release|Any CPU = Release|Any CPU
	EndGlobalSection
	GlobalSection(ProjectConfigurationPlatforms) = postSolution
		{A03482BD-F3C6-4570-9206-3793760E2203}.Debug|Any CPU.ActiveCfg = Debug|Any CPU
		{A03482BD-F3C6-4570-9206-3793760E2203}.Debug|Any CPU.Build.0 = Debug|Any CPU
		{A03482BD-F3C6-4570-9206-3793760E2203}.Release|Any CPU.ActiveCfg = Release|Any CPU
		{A03482BD-F3C6-4570-9206-3793760E2203}.Release|Any CPU.Build.0 = Release|Any CPU
	EndGlobalSection
EndGlobal
